
Microsoft Visual Studio Solution File, Format Version 12.00
# Visual Studio 15
VisualStudioVersion = 15.0.28307.757
MinimumVisualStudioVersion = 10.0.40219.1
Project("{FAE04EC0-301F-11D3-BF4B-00C04F79EFBC}") = "WebApplication1", "WebApplication1\WebApplication1.csproj", "{E074FE1C-CFA6-4AD3-8C72-5807F1DF9C0F}"
EndProject
Global
	GlobalSection(SolutionConfigurationPlatforms) = preSolution
		Debug|Any CPU = Debug|Any CPU
		Release|Any CPU = Release|Any CPU
	EndGlobalSection
	GlobalSection(ProjectConfigurationPlatforms) = postSolution
		{E074FE1C-CFA6-4AD3-8C72-5807F1DF9C0F}.Debug|Any CPU.ActiveCfg = Debug|Any CPU
		{E074FE1C-CFA6-4AD3-8C72-5807F1DF9C0F}.Debug|Any CPU.Build.0 = Debug|Any CPU
		{E074FE1C-CFA6-4AD3-8C72-5807F1DF9C0F}.Release|Any CPU.ActiveCfg = Release|Any CPU
		{E074FE1C-CFA6-4AD3-8C72-5807F1DF9C0F}.Release|Any CPU.Build.0 = Release|Any CPU
	EndGlobalSection
	GlobalSection(SolutionProperties) = preSolution
		HideSolutionNode = FALSE
	EndGlobalSection
	GlobalSection(ExtensibilityGlobals) = postSolution
		SolutionGuid = {E6C1AC48-3586-45C4-B14C-B69E0E68C4B1}
	EndGlobalSection
EndGlobal
